
Microsoft Visual Studio Solution File, Format Version 12.00
# Visual Studio Version 16
VisualStudioVersion = 16.0.29509.3
MinimumVisualStudioVersion = 10.0.40219.1
Project("{FAE04EC0-301F-11D3-BF4B-00C04F79EFBC}") = "RentalTrackingDLL", "RentalTrackingDLL\RentalTrackingDLL.csproj", "{B823CD9C-2C25-4F8D-8170-EA1EE6B584D1}"
EndProject
Global
	GlobalSection(SolutionConfigurationPlatforms) = preSolution
		Debug|Any CPU = Debug|Any CPU
		Release|Any CPU = Release|Any CPU
	EndGlobalSection
	GlobalSection(ProjectConfigurationPlatforms) = postSolution
		{B823CD9C-2C25-4F8D-8170-EA1EE6B584D1}.Debug|Any CPU.ActiveCfg = Debug|Any CPU
		{B823CD9C-2C25-4F8D-8170-EA1EE6B584D1}.Debug|Any CPU.Build.0 = Debug|Any CPU
		{B823CD9C-2C25-4F8D-8170-EA1EE6B584D1}.Release|Any CPU.ActiveCfg = Release|Any CPU
		{B823CD9C-2C25-4F8D-8170-EA1EE6B584D1}.Release|Any CPU.Build.0 = Release|Any CPU
	EndGlobalSection
	GlobalSection(SolutionProperties) = preSolution
		HideSolutionNode = FALSE
	EndGlobalSection
	GlobalSection(ExtensibilityGlobals) = postSolution
		SolutionGuid = {5D6FE363-F15F-4187-96A2-8C2E4F731B75}
	EndGlobalSection
EndGlobal
